
Microsoft Visual Studio Solution File, Format Version 12.00
# Visual Studio 14
VisualStudioVersion = 14.0.25420.1
MinimumVisualStudioVersion = 10.0.40219.1
Project("{FAE04EC0-301F-11D3-BF4B-00C04F79EFBC}") = "Eazy_ScreenRecording", "Eazy_ScreenRecording.csproj", "{7659EB65-774D-42D4-A6F8-2364BE1BFAD9}"
EndProject
Project("{6141683F-8A12-4E36-9623-2EB02B2C2303}") = "InstallSheildSetup", "..\InstallSheildSetup\InstallSheildSetup.isproj", "{5958AD49-E3B3-4464-8DDC-3D88B121C9FA}"
EndProject
Global
	GlobalSection(SolutionConfigurationPlatforms) = preSolution
		CD_ROM|Any CPU = CD_ROM|Any CPU
		Debug|Any CPU = Debug|Any CPU
		DVD-5|Any CPU = DVD-5|Any CPU
		Release|Any CPU = Release|Any CPU
		SingleImage|Any CPU = SingleImage|Any CPU
	EndGlobalSection
	GlobalSection(ProjectConfigurationPlatforms) = postSolution
		{7659EB65-774D-42D4-A6F8-2364BE1BFAD9}.CD_ROM|Any CPU.ActiveCfg = Release|Any CPU
		{7659EB65-774D-42D4-A6F8-2364BE1BFAD9}.CD_ROM|Any CPU.Build.0 = Release|Any CPU
		{7659EB65-774D-42D4-A6F8-2364BE1BFAD9}.Debug|Any CPU.ActiveCfg = Debug|Any CPU
		{7659EB65-774D-42D4-A6F8-2364BE1BFAD9}.Debug|Any CPU.Build.0 = Debug|Any CPU
		{7659EB65-774D-42D4-A6F8-2364BE1BFAD9}.DVD-5|Any CPU.ActiveCfg = Debug|Any CPU
		{7659EB65-774D-42D4-A6F8-2364BE1BFAD9}.DVD-5|Any CPU.Build.0 = Debug|Any CPU
		{7659EB65-774D-42D4-A6F8-2364BE1BFAD9}.Release|Any CPU.ActiveCfg = Release|Any CPU
		{7659EB65-774D-42D4-A6F8-2364BE1BFAD9}.Release|Any CPU.Build.0 = Release|Any CPU
		{7659EB65-774D-42D4-A6F8-2364BE1BFAD9}.SingleImage|Any CPU.ActiveCfg = Release|Any CPU
		{7659EB65-774D-42D4-A6F8-2364BE1BFAD9}.SingleImage|Any CPU.Build.0 = Release|Any CPU
		{5958AD49-E3B3-4464-8DDC-3D88B121C9FA}.CD_ROM|Any CPU.ActiveCfg = CD_ROM
		{5958AD49-E3B3-4464-8DDC-3D88B121C9FA}.CD_ROM|Any CPU.Build.0 = CD_ROM
		{5958AD49-E3B3-4464-8DDC-3D88B121C9FA}.Debug|Any CPU.ActiveCfg = DVD-5
		{5958AD49-E3B3-4464-8DDC-3D88B121C9FA}.Debug|Any CPU.Build.0 = DVD-5
		{5958AD49-E3B3-4464-8DDC-3D88B121C9FA}.DVD-5|Any CPU.ActiveCfg = DVD-5
		{5958AD49-E3B3-4464-8DDC-3D88B121C9FA}.DVD-5|Any CPU.Build.0 = DVD-5
		{5958AD49-E3B3-4464-8DDC-3D88B121C9FA}.Release|Any CPU.ActiveCfg = SingleImage
		{5958AD49-E3B3-4464-8DDC-3D88B121C9FA}.Release|Any CPU.Build.0 = SingleImage
		{5958AD49-E3B3-4464-8DDC-3D88B121C9FA}.SingleImage|Any CPU.ActiveCfg = SingleImage
		{5958AD49-E3B3-4464-8DDC-3D88B121C9FA}.SingleImage|Any CPU.Build.0 = SingleImage
	EndGlobalSection
	GlobalSection(SolutionProperties) = preSolution
		HideSolutionNode = FALSE
	EndGlobalSection
EndGlobal
